
Microsoft Visual Studio Solution File, Format Version 12.00
# Visual Studio Version 17
VisualStudioVersion = 17.3.32714.290
MinimumVisualStudioVersion = 10.0.40219.1
Project("{FAE04EC0-301F-11D3-BF4B-00C04F79EFBC}") = "media-player", "media-player\media-player.csproj", "{2C7F44FA-F648-4A5F-B467-C94B28223FAD}"
EndProject
Global
	GlobalSection(SolutionConfigurationPlatforms) = preSolution
		Debug|Any CPU = Debug|Any CPU
		Release|Any CPU = Release|Any CPU
	EndGlobalSection
	GlobalSection(ProjectConfigurationPlatforms) = postSolution
		{2C7F44FA-F648-4A5F-B467-C94B28223FAD}.Debug|Any CPU.ActiveCfg = Debug|Any CPU
		{2C7F44FA-F648-4A5F-B467-C94B28223FAD}.Debug|Any CPU.Build.0 = Debug|Any CPU
		{2C7F44FA-F648-4A5F-B467-C94B28223FAD}.Release|Any CPU.ActiveCfg = Release|Any CPU
		{2C7F44FA-F648-4A5F-B467-C94B28223FAD}.Release|Any CPU.Build.0 = Release|Any CPU
	EndGlobalSection
	GlobalSection(SolutionProperties) = preSolution
		HideSolutionNode = FALSE
	EndGlobalSection
	GlobalSection(ExtensibilityGlobals) = postSolution
		SolutionGuid = {39756E92-538D-44BB-B261-B81A99C30613}
	EndGlobalSection
EndGlobal
